
Microsoft Visual Studio Solution File, Format Version 12.00
# Visual Studio Version 16
VisualStudioVersion = 16.0.30011.22
MinimumVisualStudioVersion = 10.0.40219.1
Project("{FAE04EC0-301F-11D3-BF4B-00C04F79EFBC}") = "Day 8 Dictionaries and Maps", "Day 8 Dictionaries and Maps.csproj", "{E954E9B9-4F3B-4D65-A4F9-67AA95BB61AB}"
EndProject
Global
	GlobalSection(SolutionConfigurationPlatforms) = preSolution
		Debug|Any CPU = Debug|Any CPU
		Release|Any CPU = Release|Any CPU
	EndGlobalSection
	GlobalSection(ProjectConfigurationPlatforms) = postSolution
		{E954E9B9-4F3B-4D65-A4F9-67AA95BB61AB}.Debug|Any CPU.ActiveCfg = Debug|Any CPU
		{E954E9B9-4F3B-4D65-A4F9-67AA95BB61AB}.Debug|Any CPU.Build.0 = Debug|Any CPU
		{E954E9B9-4F3B-4D65-A4F9-67AA95BB61AB}.Release|Any CPU.ActiveCfg = Release|Any CPU
		{E954E9B9-4F3B-4D65-A4F9-67AA95BB61AB}.Release|Any CPU.Build.0 = Release|Any CPU
	EndGlobalSection
	GlobalSection(SolutionProperties) = preSolution
		HideSolutionNode = FALSE
	EndGlobalSection
	GlobalSection(ExtensibilityGlobals) = postSolution
		SolutionGuid = {2D737076-C3EA-4612-80D9-8D4EAE975A7E}
	EndGlobalSection
EndGlobal
