
Microsoft Visual Studio Solution File, Format Version 12.00
# Visual Studio Version 16
VisualStudioVersion = 16.0.30011.22
MinimumVisualStudioVersion = 10.0.40219.1
Project("{FAE04EC0-301F-11D3-BF4B-00C04F79EFBC}") = "Day 10 Binary Numbers", "Day 10 Binary Numbers.csproj", "{BBE911B2-5BF2-43CF-9336-6139CB511FDB}"
EndProject
Global
	GlobalSection(SolutionConfigurationPlatforms) = preSolution
		Debug|Any CPU = Debug|Any CPU
		Release|Any CPU = Release|Any CPU
	EndGlobalSection
	GlobalSection(ProjectConfigurationPlatforms) = postSolution
		{BBE911B2-5BF2-43CF-9336-6139CB511FDB}.Debug|Any CPU.ActiveCfg = Debug|Any CPU
		{BBE911B2-5BF2-43CF-9336-6139CB511FDB}.Debug|Any CPU.Build.0 = Debug|Any CPU
		{BBE911B2-5BF2-43CF-9336-6139CB511FDB}.Release|Any CPU.ActiveCfg = Release|Any CPU
		{BBE911B2-5BF2-43CF-9336-6139CB511FDB}.Release|Any CPU.Build.0 = Release|Any CPU
	EndGlobalSection
	GlobalSection(SolutionProperties) = preSolution
		HideSolutionNode = FALSE
	EndGlobalSection
	GlobalSection(ExtensibilityGlobals) = postSolution
		SolutionGuid = {0DAA74BF-4F9F-49A7-952A-9C29F373294B}
	EndGlobalSection
EndGlobal
